
Microsoft Visual Studio Solution File, Format Version 12.00
# Visual Studio 15
VisualStudioVersion = 15.0.26124.0
MinimumVisualStudioVersion = 15.0.26124.0
Project("{2150E333-8FDC-42A3-9474-1A3956D46DE8}") = "src", "src", "{630D5B02-F1DD-47AB-A258-191DD894AE1D}"
EndProject
Project("{2150E333-8FDC-42A3-9474-1A3956D46DE8}") = "test", "test", "{7784584E-6440-48F1-97CE-5726980B3939}"
EndProject
Project("{2150E333-8FDC-42A3-9474-1A3956D46DE8}") = "samples", "samples", "{CD572771-848A-4A05-BC78-2936F0D8F084}"
EndProject
Project("{FAE04EC0-301F-11D3-BF4B-00C04F79EFBC}") = "Sample1", "test\samples\Sample1\Sample1.csproj", "{A8338093-B41F-4947-9A50-28AB9EB09D1C}"
EndProject
Project("{FAE04EC0-301F-11D3-BF4B-00C04F79EFBC}") = "TestRailClient.V2", "src\TestRailClient.V2\TestRailClient.V2.csproj", "{57DB6276-A756-4257-8D3D-568F53D43E1C}"
EndProject
Project("{FAE04EC0-301F-11D3-BF4B-00C04F79EFBC}") = "TestRailClient.V2.NUnit", "src\TestRailClient.V2.NUnit\TestRailClient.V2.NUnit.csproj", "{03C36C59-01CC-4DE3-8D9F-8B316C2473A1}"
EndProject
Project("{FAE04EC0-301F-11D3-BF4B-00C04F79EFBC}") = "TestRailClient.V2.NUnit.Test", "test\TestRailClient.V2.NUnit.Test\TestRailClient.V2.NUnit.Test.csproj", "{D0D9A822-86CE-40DD-92AB-FFAB65BF303A}"
EndProject
Project("{FAE04EC0-301F-11D3-BF4B-00C04F79EFBC}") = "TestRailClient.Test.ApiMock", "test\TestRailClient.Test.ApiMock\TestRailClient.Test.ApiMock.csproj", "{F796D316-DD73-4773-B4C9-22EE0E26C25D}"
EndProject
Project("{FAE04EC0-301F-11D3-BF4B-00C04F79EFBC}") = "TestRailClient.V2.CodeSample", "test\samples\TestRailClient.V2.CodeSample\TestRailClient.V2.CodeSample.csproj", "{FACCB25D-7545-402E-B428-2BA63DFFF1E1}"
EndProject
Global
	GlobalSection(SolutionConfigurationPlatforms) = preSolution
		Debug|Any CPU = Debug|Any CPU
		Debug|x64 = Debug|x64
		Debug|x86 = Debug|x86
		Release|Any CPU = Release|Any CPU
		Release|x64 = Release|x64
		Release|x86 = Release|x86
	EndGlobalSection
	GlobalSection(SolutionProperties) = preSolution
		HideSolutionNode = FALSE
	EndGlobalSection
	GlobalSection(ProjectConfigurationPlatforms) = postSolution
		{A8338093-B41F-4947-9A50-28AB9EB09D1C}.Debug|Any CPU.ActiveCfg = Debug|Any CPU
		{A8338093-B41F-4947-9A50-28AB9EB09D1C}.Debug|Any CPU.Build.0 = Debug|Any CPU
		{A8338093-B41F-4947-9A50-28AB9EB09D1C}.Debug|x64.ActiveCfg = Debug|Any CPU
		{A8338093-B41F-4947-9A50-28AB9EB09D1C}.Debug|x64.Build.0 = Debug|Any CPU
		{A8338093-B41F-4947-9A50-28AB9EB09D1C}.Debug|x86.ActiveCfg = Debug|Any CPU
		{A8338093-B41F-4947-9A50-28AB9EB09D1C}.Debug|x86.Build.0 = Debug|Any CPU
		{A8338093-B41F-4947-9A50-28AB9EB09D1C}.Release|Any CPU.ActiveCfg = Release|Any CPU
		{A8338093-B41F-4947-9A50-28AB9EB09D1C}.Release|Any CPU.Build.0 = Release|Any CPU
		{A8338093-B41F-4947-9A50-28AB9EB09D1C}.Release|x64.ActiveCfg = Release|Any CPU
		{A8338093-B41F-4947-9A50-28AB9EB09D1C}.Release|x64.Build.0 = Release|Any CPU
		{A8338093-B41F-4947-9A50-28AB9EB09D1C}.Release|x86.ActiveCfg = Release|Any CPU
		{A8338093-B41F-4947-9A50-28AB9EB09D1C}.Release|x86.Build.0 = Release|Any CPU
		{57DB6276-A756-4257-8D3D-568F53D43E1C}.Debug|Any CPU.ActiveCfg = Debug|Any CPU
		{57DB6276-A756-4257-8D3D-568F53D43E1C}.Debug|Any CPU.Build.0 = Debug|Any CPU
		{57DB6276-A756-4257-8D3D-568F53D43E1C}.Debug|x64.ActiveCfg = Debug|Any CPU
		{57DB6276-A756-4257-8D3D-568F53D43E1C}.Debug|x64.Build.0 = Debug|Any CPU
		{57DB6276-A756-4257-8D3D-568F53D43E1C}.Debug|x86.ActiveCfg = Debug|Any CPU
		{57DB6276-A756-4257-8D3D-568F53D43E1C}.Debug|x86.Build.0 = Debug|Any CPU
		{57DB6276-A756-4257-8D3D-568F53D43E1C}.Release|Any CPU.ActiveCfg = Release|Any CPU
		{57DB6276-A756-4257-8D3D-568F53D43E1C}.Release|Any CPU.Build.0 = Release|Any CPU
		{57DB6276-A756-4257-8D3D-568F53D43E1C}.Release|x64.ActiveCfg = Release|Any CPU
		{57DB6276-A756-4257-8D3D-568F53D43E1C}.Release|x64.Build.0 = Release|Any CPU
		{57DB6276-A756-4257-8D3D-568F53D43E1C}.Release|x86.ActiveCfg = Release|Any CPU
		{57DB6276-A756-4257-8D3D-568F53D43E1C}.Release|x86.Build.0 = Release|Any CPU
		{03C36C59-01CC-4DE3-8D9F-8B316C2473A1}.Debug|Any CPU.ActiveCfg = Debug|Any CPU
		{03C36C59-01CC-4DE3-8D9F-8B316C2473A1}.Debug|Any CPU.Build.0 = Debug|Any CPU
		{03C36C59-01CC-4DE3-8D9F-8B316C2473A1}.Debug|x64.ActiveCfg = Debug|Any CPU
		{03C36C59-01CC-4DE3-8D9F-8B316C2473A1}.Debug|x64.Build.0 = Debug|Any CPU
		{03C36C59-01CC-4DE3-8D9F-8B316C2473A1}.Debug|x86.ActiveCfg = Debug|Any CPU
		{03C36C59-01CC-4DE3-8D9F-8B316C2473A1}.Debug|x86.Build.0 = Debug|Any CPU
		{03C36C59-01CC-4DE3-8D9F-8B316C2473A1}.Release|Any CPU.ActiveCfg = Release|Any CPU
		{03C36C59-01CC-4DE3-8D9F-8B316C2473A1}.Release|Any CPU.Build.0 = Release|Any CPU
		{03C36C59-01CC-4DE3-8D9F-8B316C2473A1}.Release|x64.ActiveCfg = Release|Any CPU
		{03C36C59-01CC-4DE3-8D9F-8B316C2473A1}.Release|x64.Build.0 = Release|Any CPU
		{03C36C59-01CC-4DE3-8D9F-8B316C2473A1}.Release|x86.ActiveCfg = Release|Any CPU
		{03C36C59-01CC-4DE3-8D9F-8B316C2473A1}.Release|x86.Build.0 = Release|Any CPU
		{D0D9A822-86CE-40DD-92AB-FFAB65BF303A}.Debug|Any CPU.ActiveCfg = Debug|Any CPU
		{D0D9A822-86CE-40DD-92AB-FFAB65BF303A}.Debug|Any CPU.Build.0 = Debug|Any CPU
		{D0D9A822-86CE-40DD-92AB-FFAB65BF303A}.Debug|x64.ActiveCfg = Debug|Any CPU
		{D0D9A822-86CE-40DD-92AB-FFAB65BF303A}.Debug|x64.Build.0 = Debug|Any CPU
		{D0D9A822-86CE-40DD-92AB-FFAB65BF303A}.Debug|x86.ActiveCfg = Debug|Any CPU
		{D0D9A822-86CE-40DD-92AB-FFAB65BF303A}.Debug|x86.Build.0 = Debug|Any CPU
		{D0D9A822-86CE-40DD-92AB-FFAB65BF303A}.Release|Any CPU.ActiveCfg = Release|Any CPU
		{D0D9A822-86CE-40DD-92AB-FFAB65BF303A}.Release|Any CPU.Build.0 = Release|Any CPU
		{D0D9A822-86CE-40DD-92AB-FFAB65BF303A}.Release|x64.ActiveCfg = Release|Any CPU
		{D0D9A822-86CE-40DD-92AB-FFAB65BF303A}.Release|x64.Build.0 = Release|Any CPU
		{D0D9A822-86CE-40DD-92AB-FFAB65BF303A}.Release|x86.ActiveCfg = Release|Any CPU
		{D0D9A822-86CE-40DD-92AB-FFAB65BF303A}.Release|x86.Build.0 = Release|Any CPU
		{F796D316-DD73-4773-B4C9-22EE0E26C25D}.Debug|Any CPU.ActiveCfg = Debug|Any CPU
		{F796D316-DD73-4773-B4C9-22EE0E26C25D}.Debug|Any CPU.Build.0 = Debug|Any CPU
		{F796D316-DD73-4773-B4C9-22EE0E26C25D}.Debug|x64.ActiveCfg = Debug|Any CPU
		{F796D316-DD73-4773-B4C9-22EE0E26C25D}.Debug|x64.Build.0 = Debug|Any CPU
		{F796D316-DD73-4773-B4C9-22EE0E26C25D}.Debug|x86.ActiveCfg = Debug|Any CPU
		{F796D316-DD73-4773-B4C9-22EE0E26C25D}.Debug|x86.Build.0 = Debug|Any CPU
		{F796D316-DD73-4773-B4C9-22EE0E26C25D}.Release|Any CPU.ActiveCfg = Release|Any CPU
		{F796D316-DD73-4773-B4C9-22EE0E26C25D}.Release|Any CPU.Build.0 = Release|Any CPU
		{F796D316-DD73-4773-B4C9-22EE0E26C25D}.Release|x64.ActiveCfg = Release|Any CPU
		{F796D316-DD73-4773-B4C9-22EE0E26C25D}.Release|x64.Build.0 = Release|Any CPU
		{F796D316-DD73-4773-B4C9-22EE0E26C25D}.Release|x86.ActiveCfg = Release|Any CPU
		{F796D316-DD73-4773-B4C9-22EE0E26C25D}.Release|x86.Build.0 = Release|Any CPU
		{FACCB25D-7545-402E-B428-2BA63DFFF1E1}.Debug|Any CPU.ActiveCfg = Debug|Any CPU
		{FACCB25D-7545-402E-B428-2BA63DFFF1E1}.Debug|Any CPU.Build.0 = Debug|Any CPU
		{FACCB25D-7545-402E-B428-2BA63DFFF1E1}.Debug|x64.ActiveCfg = Debug|Any CPU
		{FACCB25D-7545-402E-B428-2BA63DFFF1E1}.Debug|x64.Build.0 = Debug|Any CPU
		{FACCB25D-7545-402E-B428-2BA63DFFF1E1}.Debug|x86.ActiveCfg = Debug|Any CPU
		{FACCB25D-7545-402E-B428-2BA63DFFF1E1}.Debug|x86.Build.0 = Debug|Any CPU
		{FACCB25D-7545-402E-B428-2BA63DFFF1E1}.Release|Any CPU.ActiveCfg = Release|Any CPU
		{FACCB25D-7545-402E-B428-2BA63DFFF1E1}.Release|Any CPU.Build.0 = Release|Any CPU
		{FACCB25D-7545-402E-B428-2BA63DFFF1E1}.Release|x64.ActiveCfg = Release|Any CPU
		{FACCB25D-7545-402E-B428-2BA63DFFF1E1}.Release|x64.Build.0 = Release|Any CPU
		{FACCB25D-7545-402E-B428-2BA63DFFF1E1}.Release|x86.ActiveCfg = Release|Any CPU
		{FACCB25D-7545-402E-B428-2BA63DFFF1E1}.Release|x86.Build.0 = Release|Any CPU
	EndGlobalSection
	GlobalSection(NestedProjects) = preSolution
		{CD572771-848A-4A05-BC78-2936F0D8F084} = {7784584E-6440-48F1-97CE-5726980B3939}
		{A8338093-B41F-4947-9A50-28AB9EB09D1C} = {CD572771-848A-4A05-BC78-2936F0D8F084}
		{57DB6276-A756-4257-8D3D-568F53D43E1C} = {630D5B02-F1DD-47AB-A258-191DD894AE1D}
		{03C36C59-01CC-4DE3-8D9F-8B316C2473A1} = {630D5B02-F1DD-47AB-A258-191DD894AE1D}
		{D0D9A822-86CE-40DD-92AB-FFAB65BF303A} = {7784584E-6440-48F1-97CE-5726980B3939}
		{F796D316-DD73-4773-B4C9-22EE0E26C25D} = {7784584E-6440-48F1-97CE-5726980B3939}
		{FACCB25D-7545-402E-B428-2BA63DFFF1E1} = {CD572771-848A-4A05-BC78-2936F0D8F084}
	EndGlobalSection
EndGlobal
